<?xml version="1.0" encoding="utf-8"?>
<Project ToolsVersion="4.0" xmlns="http://schemas.microsoft.com/developer/msbuild/2003">
  <ItemGroup>
    <Filter Include="Source Files">
      <UniqueIdentifier>{4FC737F1-C7A5-4376-A066-2A32D752A2FF}</UniqueIdentifier>
      <Extensions>cpp;c;cc;cxx;def;odl;idl;hpj;bat;asm;asmx</Extensions>
    </Filter>
    <Filter Include="Header Files">
      <UniqueIdentifier>{93995380-89BD-4b04-88EB-625FBE52EBFB}</UniqueIdentifier>
      <Extensions>h;hh;hpp;hxx;hm;inl;inc;ipp;xsd</Extensions>
    </Filter>
    <Filter Include="Textures">
      <UniqueIdentifier>{b5a36503-1ac1-44c6-bd0b-b12682cdd3b9}</UniqueIdentifier>
    </Filter>
    <Filter Include="AI">
      <UniqueIdentifier>{3d77d178-d0c5-48f4-828a-24dc98d5678a}</UniqueIdentifier>
    </Filter>
    <Filter Include="AI\SteeringBehaviors">
      <UniqueIdentifier>{6257e1d3-1947-4a7a-badd-d409d39b4126}</UniqueIdentifier>
    </Filter>
    <Filter Include="AI\SteeringBehaviors\Header files">
      <UniqueIdentifier>{cc8bfb81-0e4c-474c-b228-837b943dab24}</UniqueIdentifier>
    </Filter>
    <Filter Include="AI\DecisionTree">
      <UniqueIdentifier>{f2b32ae7-edde-4ca9-93d8-30c9f50d5f7a}</UniqueIdentifier>
    </Filter>
    <Filter Include="AI\DecisionTree\Header files">
      <UniqueIdentifier>{eb1f071c-c9f0-45f8-8402-f6fa902fba8d}</UniqueIdentifier>
    </Filter>
    <Filter Include="AI\DecisionTree\Source files">
      <UniqueIdentifier>{59f649da-9265-46b0-a90a-53c3db10cb26}</UniqueIdentifier>
    </Filter>
    <Filter Include="AI\SteeringBehaviors\Source files">
      <UniqueIdentifier>{74714532-bb2e-4813-8293-f35f957d68fd}</UniqueIdentifier>
    </Filter>
  </ItemGroup>
  <ItemGroup>
    <ClCompile Include="main.cpp">
      <Filter>Source Files</Filter>
    </ClCompile>
    <ClCompile Include="Game.cpp">
      <Filter>Source Files</Filter>
    </ClCompile>
    <ClCompile Include="Scene.cpp">
      <Filter>Source Files</Filter>
    </ClCompile>
    <ClCompile Include="Actor.cpp">
      <Filter>Source Files</Filter>
    </ClCompile>
    <ClCompile Include="Sprite.cpp">
      <Filter>Source Files</Filter>
    </ClCompile>
    <ClCompile Include="Player.cpp">
      <Filter>Source Files</Filter>
    </ClCompile>
    <ClCompile Include="Bullet.cpp">
      <Filter>Source Files</Filter>
    </ClCompile>
    <ClCompile Include="SeekBehavior.cpp">
      <Filter>AI\SteeringBehaviors\Source files</Filter>
    </ClCompile>
    <ClCompile Include="Enemy.cpp">
      <Filter>AI\SteeringBehaviors\Source files</Filter>
    </ClCompile>
    <ClCompile Include="FleeBehavior.cpp">
      <Filter>AI\SteeringBehaviors\Source files</Filter>
    </ClCompile>
    <ClCompile Include="WanderingBehavior.cpp">
      <Filter>AI\SteeringBehaviors\Source files</Filter>
    </ClCompile>
    <ClCompile Include="PursueBehavior.cpp">
      <Filter>AI\SteeringBehaviors\Source files</Filter>
    </ClCompile>
    <ClCompile Include="EvadeBehavior.cpp">
      <Filter>AI\SteeringBehaviors\Source files</Filter>
    </ClCompile>
    <ClCompile Include="ArriveBehavior.cpp">
      <Filter>AI\SteeringBehaviors\Source files</Filter>
    </ClCompile>
    <ClCompile Include="Character.cpp">
      <Filter>Source Files</Filter>
    </ClCompile>
    <ClCompile Include="SimpleEnemy.cpp">
      <Filter>Source Files</Filter>
    </ClCompile>
    <ClCompile Include="Agent.cpp">
      <Filter>AI</Filter>
    </ClCompile>
    <ClCompile Include="ABDecision.cpp">
      <Filter>AI\DecisionTree\Source files</Filter>
    </ClCompile>
    <ClCompile Include="ComplexEnemy.cpp">
      <Filter>AI\DecisionTree\Source files</Filter>
    </ClCompile>
    <ClCompile Include="ShootDecision.cpp">
      <Filter>AI\DecisionTree\Source files</Filter>
    </ClCompile>
    <ClCompile Include="SeekDecision.cpp">
      <Filter>AI\DecisionTree\Source files</Filter>
    </ClCompile>
    <ClCompile Include="WanderDecision.cpp">
      <Filter>AI\DecisionTree\Source files</Filter>
    </ClCompile>
    <ClCompile Include="EnemyBullet.cpp">
      <Filter>Source Files</Filter>
    </ClCompile>
    <ClCompile Include="SeeTargetDecision.cpp">
      <Filter>AI\DecisionTree\Source files</Filter>
    </ClCompile>
    <ClCompile Include="DecisionBehavior.cpp">
      <Filter>AI\SteeringBehaviors\Source files</Filter>
    </ClCompile>
    <ClCompile Include="HealthDecision.cpp">
      <Filter>Source Files</Filter>
    </ClCompile>
    <ClCompile Include="EvadeDecision.cpp">
      <Filter>Source Files</Filter>
    </ClCompile>
    <ClCompile Include="Edge.cpp">
      <Filter>Source Files</Filter>
    </ClCompile>
    <ClCompile Include="Node.cpp">
      <Filter>Source Files</Filter>
    </ClCompile>
    <ClCompile Include="Graph.cpp">
      <Filter>Source Files</Filter>
    </ClCompile>
  </ItemGroup>
  <ItemGroup>
    <ClInclude Include="Game.h">
      <Filter>Header Files</Filter>
    </ClInclude>
    <ClInclude Include="Scene.h">
      <Filter>Header Files</Filter>
    </ClInclude>
    <ClInclude Include="Actor.h">
      <Filter>Header Files</Filter>
    </ClInclude>
    <ClInclude Include="Sprite.h">
      <Filter>Header Files</Filter>
    </ClInclude>
    <ClInclude Include="Player.h">
      <Filter>Header Files</Filter>
    </ClInclude>
    <ClInclude Include="Bullet.h">
      <Filter>Header Files</Filter>
    </ClInclude>
    <ClInclude Include="SeekBehavior.h">
      <Filter>AI\SteeringBehaviors\Header files</Filter>
    </ClInclude>
    <ClInclude Include="SteeringBehavior.h">
      <Filter>AI\SteeringBehaviors\Header files</Filter>
    </ClInclude>
    <ClInclude Include="FleeBehavior.h">
      <Filter>AI\SteeringBehaviors\Header files</Filter>
    </ClInclude>
    <ClInclude Include="WanderingBehavior.h">
      <Filter>AI\SteeringBehaviors\Header files</Filter>
    </ClInclude>
    <ClInclude Include="PursueBehavior.h">
      <Filter>AI\SteeringBehaviors\Header files</Filter>
    </ClInclude>
    <ClInclude Include="EvadeBehavior.h">
      <Filter>AI\SteeringBehaviors\Header files</Filter>
    </ClInclude>
    <ClInclude Include="ArriveBehavior.h">
      <Filter>AI\SteeringBehaviors\Header files</Filter>
    </ClInclude>
    <ClInclude Include="Character.h">
      <Filter>Header Files</Filter>
    </ClInclude>
    <ClInclude Include="SimpleEnemy.h">
      <Filter>Header Files</Filter>
    </ClInclude>
    <ClInclude Include="Agent.h">
      <Filter>AI</Filter>
    </ClInclude>
    <ClInclude Include="Enemy.h">
      <Filter>AI\SteeringBehaviors\Header files</Filter>
    </ClInclude>
    <ClInclude Include="Behavior.h">
      <Filter>AI</Filter>
    </ClInclude>
    <ClInclude Include="Decision.h">
      <Filter>AI\DecisionTree\Header files</Filter>
    </ClInclude>
    <ClInclude Include="ABDecision.h">
      <Filter>AI\DecisionTree\Header files</Filter>
    </ClInclude>
    <ClInclude Include="ComplexEnemy.h">
      <Filter>AI\DecisionTree\Header files</Filter>
    </ClInclude>
    <ClInclude Include="ShootDecision.h">
      <Filter>AI\DecisionTree\Header files</Filter>
    </ClInclude>
    <ClInclude Include="SeekDecision.h">
      <Filter>AI\DecisionTree\Header files</Filter>
    </ClInclude>
    <ClInclude Include="WanderDecision.h">
      <Filter>AI\DecisionTree\Header files</Filter>
    </ClInclude>
    <ClInclude Include="EnemyBullet.h">
      <Filter>Header Files</Filter>
    </ClInclude>
    <ClInclude Include="DecisionBehavior.h">
      <Filter>Header Files</Filter>
    </ClInclude>
    <ClInclude Include="SeeTargetDecision.h">
      <Filter>AI\DecisionTree\Header files</Filter>
    </ClInclude>
    <ClInclude Include="HealthDecision.h">
      <Filter>Header Files</Filter>
    </ClInclude>
    <ClInclude Include="EvadeDecision.h">
      <Filter>Header Files</Filter>
    </ClInclude>
    <ClInclude Include="Edge.h">
      <Filter>Header Files</Filter>
    </ClInclude>
    <ClInclude Include="Node.h">
      <Filter>Header Files</Filter>
    </ClInclude>
    <ClInclude Include="Graph.h">
      <Filter>Header Files</Filter>
    </ClInclude>
  </ItemGroup>
  <ItemGroup>
    <Image Include="Images\player.png">
      <Filter>Textures</Filter>
    </Image>
    <Image Include="Images\bullet.png">
      <Filter>Textures</Filter>
    </Image>
    <Image Include="Images\enemy.png">
      <Filter>Textures</Filter>
    </Image>
  </ItemGroup>
</Project>